
Microsoft Visual Studio Solution File, Format Version 12.00
# Visual Studio Version 16
VisualStudioVersion = 16.0.31702.278
MinimumVisualStudioVersion = 10.0.40219.1
Project("{FAE04EC0-301F-11D3-BF4B-00C04F79EFBC}") = "Wpf_HW_15", "Wpf_HW_15\Wpf_HW_15.csproj", "{0BAB8F60-272E-453D-BB2B-2EECFAD220D7}"
EndProject
Global
	GlobalSection(SolutionConfigurationPlatforms) = preSolution
		Debug|Any CPU = Debug|Any CPU
		Release|Any CPU = Release|Any CPU
	EndGlobalSection
	GlobalSection(ProjectConfigurationPlatforms) = postSolution
		{0BAB8F60-272E-453D-BB2B-2EECFAD220D7}.Debug|Any CPU.ActiveCfg = Debug|Any CPU
		{0BAB8F60-272E-453D-BB2B-2EECFAD220D7}.Debug|Any CPU.Build.0 = Debug|Any CPU
		{0BAB8F60-272E-453D-BB2B-2EECFAD220D7}.Release|Any CPU.ActiveCfg = Release|Any CPU
		{0BAB8F60-272E-453D-BB2B-2EECFAD220D7}.Release|Any CPU.Build.0 = Release|Any CPU
	EndGlobalSection
	GlobalSection(SolutionProperties) = preSolution
		HideSolutionNode = FALSE
	EndGlobalSection
	GlobalSection(ExtensibilityGlobals) = postSolution
		SolutionGuid = {A8931C12-7AA8-4F7C-AE18-3AA26992784B}
	EndGlobalSection
EndGlobal
